
Microsoft Visual Studio Solution File, Format Version 12.00
# Visual Studio 15
Project("{FAE04EC0-301F-11D3-BF4B-00C04F79EFBC}") = "SeaterApp", "SeaterApp\SeaterApp.csproj", "{75EBF992-8315-4332-BA85-8426BF65E3C0}"
EndProject
Global
	GlobalSection(SolutionConfigurationPlatforms) = preSolution
		Debug|iPhoneSimulator = Debug|iPhoneSimulator
		Release|iPhone = Release|iPhone
		Release|iPhoneSimulator = Release|iPhoneSimulator
		Debug|iPhone = Debug|iPhone
	EndGlobalSection
	GlobalSection(ProjectConfigurationPlatforms) = postSolution
		{75EBF992-8315-4332-BA85-8426BF65E3C0}.Debug|iPhoneSimulator.ActiveCfg = Debug|iPhoneSimulator
		{75EBF992-8315-4332-BA85-8426BF65E3C0}.Debug|iPhoneSimulator.Build.0 = Debug|iPhoneSimulator
		{75EBF992-8315-4332-BA85-8426BF65E3C0}.Release|iPhone.ActiveCfg = Release|iPhone
		{75EBF992-8315-4332-BA85-8426BF65E3C0}.Release|iPhone.Build.0 = Release|iPhone
		{75EBF992-8315-4332-BA85-8426BF65E3C0}.Release|iPhoneSimulator.ActiveCfg = Release|iPhoneSimulator
		{75EBF992-8315-4332-BA85-8426BF65E3C0}.Release|iPhoneSimulator.Build.0 = Release|iPhoneSimulator
		{75EBF992-8315-4332-BA85-8426BF65E3C0}.Debug|iPhone.ActiveCfg = Debug|iPhone
		{75EBF992-8315-4332-BA85-8426BF65E3C0}.Debug|iPhone.Build.0 = Debug|iPhone
	EndGlobalSection
EndGlobal
